PODS:
  - AFNetworking (3.1.0):
    - AFNetworking/NSURLSession (= 3.1.0)
    - AFNetworking/Reachability (= 3.1.0)
    - AFNetworking/Security (= 3.1.0)
    - AFNetworking/Serialization (= 3.1.0)
    - AFNetworking/UIKit (= 3.1.0)
  - AFNetworking-Synchronous/3.x (1.1.0):
    - AFNetworking (~> 3.0)
  - AFNetworking/NSURLSession (3.1.0):
    - AFNetworking/Reachability
    - AFNetworking/Security
    - AFNetworking/Serialization
  - AFNetworking/Reachability (3.1.0)
  - AFNetworking/Security (3.1.0)
  - AFNetworking/Serialization (3.1.0)
  - AFNetworking/UIKit (3.1.0):
    - AFNetworking/NSURLSession

DEPENDENCIES:
  - AFNetworking (= 3.1.0)
  - AFNetworking-Synchronous/3.x

SPEC CHECKSUMS:
  AFNetworking: 5e0e199f73d8626b11e79750991f5d173d1f8b67
  AFNetworking-Synchronous: 61b98fb931b114b0da2b243957ea533e2954c2a2

PODFILE CHECKSUM: 6d5287e4b197d10fff7953236a7ada382d778826

COCOAPODS: 1.2.0
